
Microsoft Visual Studio Solution File, Format Version 12.00
# Visual Studio Version 16
VisualStudioVersion = 16.0.32228.343
MinimumVisualStudioVersion = 10.0.40219.1
Project("{FAE04EC0-301F-11D3-BF4B-00C04F79EFBC}") = "Navigator", "Navigator\Navigator.csproj", "{F5FC997E-C364-4847-8753-80A5CDC505AA}"
EndProject
Global
	GlobalSection(SolutionConfigurationPlatforms) = preSolution
		Debug|arm64 = Debug|arm64
		Debug|x64 = Debug|x64
		Debug|x86 = Debug|x86
		Release|arm64 = Release|arm64
		Release|x64 = Release|x64
		Release|x86 = Release|x86
	EndGlobalSection
	GlobalSection(ProjectConfigurationPlatforms) = postSolution
		{F5FC997E-C364-4847-8753-80A5CDC505AA}.Debug|arm64.ActiveCfg = Debug|arm64
		{F5FC997E-C364-4847-8753-80A5CDC505AA}.Debug|arm64.Build.0 = Debug|arm64
		{F5FC997E-C364-4847-8753-80A5CDC505AA}.Debug|arm64.Deploy.0 = Debug|arm64
		{F5FC997E-C364-4847-8753-80A5CDC505AA}.Debug|x64.ActiveCfg = Debug|x64
		{F5FC997E-C364-4847-8753-80A5CDC505AA}.Debug|x64.Build.0 = Debug|x64
		{F5FC997E-C364-4847-8753-80A5CDC505AA}.Debug|x64.Deploy.0 = Debug|x64
		{F5FC997E-C364-4847-8753-80A5CDC505AA}.Debug|x86.ActiveCfg = Debug|x86
		{F5FC997E-C364-4847-8753-80A5CDC505AA}.Debug|x86.Build.0 = Debug|x86
		{F5FC997E-C364-4847-8753-80A5CDC505AA}.Debug|x86.Deploy.0 = Debug|x86
		{F5FC997E-C364-4847-8753-80A5CDC505AA}.Release|arm64.ActiveCfg = Release|arm64
		{F5FC997E-C364-4847-8753-80A5CDC505AA}.Release|arm64.Build.0 = Release|arm64
		{F5FC997E-C364-4847-8753-80A5CDC505AA}.Release|arm64.Deploy.0 = Release|arm64
		{F5FC997E-C364-4847-8753-80A5CDC505AA}.Release|x64.ActiveCfg = Release|x64
		{F5FC997E-C364-4847-8753-80A5CDC505AA}.Release|x64.Build.0 = Release|x64
		{F5FC997E-C364-4847-8753-80A5CDC505AA}.Release|x64.Deploy.0 = Release|x64
		{F5FC997E-C364-4847-8753-80A5CDC505AA}.Release|x86.ActiveCfg = Release|x86
		{F5FC997E-C364-4847-8753-80A5CDC505AA}.Release|x86.Build.0 = Release|x86
		{F5FC997E-C364-4847-8753-80A5CDC505AA}.Release|x86.Deploy.0 = Release|x86
	EndGlobalSection
	GlobalSection(SolutionProperties) = preSolution
		HideSolutionNode = FALSE
	EndGlobalSection
	GlobalSection(ExtensibilityGlobals) = postSolution
		SolutionGuid = {1E28920D-7B34-40A9-9308-5AD6EDCDE562}
	EndGlobalSection
EndGlobal
